
Microsoft Visual Studio Solution File, Format Version 12.00
# Visual Studio 15
VisualStudioVersion = 15.0.28307.2092
MinimumVisualStudioVersion = 10.0.40219.1
Project("{FAE04EC0-301F-11D3-BF4B-00C04F79EFBC}") = "RMS_NEW", "RMS_NEW\RMS_NEW.csproj", "{8DDA9A0B-F8D5-4017-BD25-E90A2461E51C}"
EndProject
Global
	GlobalSection(SolutionConfigurationPlatforms) = preSolution
		Debug|Any CPU = Debug|Any CPU
		Release|Any CPU = Release|Any CPU
	EndGlobalSection
	GlobalSection(ProjectConfigurationPlatforms) = postSolution
		{8DDA9A0B-F8D5-4017-BD25-E90A2461E51C}.Debug|Any CPU.ActiveCfg = Debug|Any CPU
		{8DDA9A0B-F8D5-4017-BD25-E90A2461E51C}.Debug|Any CPU.Build.0 = Debug|Any CPU
		{8DDA9A0B-F8D5-4017-BD25-E90A2461E51C}.Release|Any CPU.ActiveCfg = Release|Any CPU
		{8DDA9A0B-F8D5-4017-BD25-E90A2461E51C}.Release|Any CPU.Build.0 = Release|Any CPU
	EndGlobalSection
	GlobalSection(SolutionProperties) = preSolution
		HideSolutionNode = FALSE
	EndGlobalSection
	GlobalSection(ExtensibilityGlobals) = postSolution
		SolutionGuid = {E39772F3-6C59-4EC8-AD25-ECEA89104842}
	EndGlobalSection
EndGlobal
